
Microsoft Visual Studio Solution File, Format Version 12.00
# Visual Studio 2012
Project("{FAE04EC0-301F-11D3-BF4B-00C04F79EFBC}") = "MediatR.Extensions", "MediatR.Extensions\MediatR.Extensions.csproj", "{4EDAA61B-58B3-4187-A92C-1AEA8E520B47}"
EndProject
Project("{FAE04EC0-301F-11D3-BF4B-00C04F79EFBC}") = "MediatR.Extensions.Autofac", "MediatR.Extensions.Autofac\MediatR.Extensions.Autofac.csproj", "{2024E540-E9AD-450B-B1BF-0AE2D4A50F2C}"
EndProject
Global
	GlobalSection(SolutionConfigurationPlatforms) = preSolution
		Debug|Any CPU = Debug|Any CPU
		Release|Any CPU = Release|Any CPU
	EndGlobalSection
	GlobalSection(ProjectConfigurationPlatforms) = postSolution
		{4EDAA61B-58B3-4187-A92C-1AEA8E520B47}.Debug|Any CPU.ActiveCfg = Debug|Any CPU
		{4EDAA61B-58B3-4187-A92C-1AEA8E520B47}.Debug|Any CPU.Build.0 = Debug|Any CPU
		{4EDAA61B-58B3-4187-A92C-1AEA8E520B47}.Release|Any CPU.ActiveCfg = Release|Any CPU
		{4EDAA61B-58B3-4187-A92C-1AEA8E520B47}.Release|Any CPU.Build.0 = Release|Any CPU
		{2024E540-E9AD-450B-B1BF-0AE2D4A50F2C}.Debug|Any CPU.ActiveCfg = Debug|Any CPU
		{2024E540-E9AD-450B-B1BF-0AE2D4A50F2C}.Debug|Any CPU.Build.0 = Debug|Any CPU
		{2024E540-E9AD-450B-B1BF-0AE2D4A50F2C}.Release|Any CPU.ActiveCfg = Release|Any CPU
		{2024E540-E9AD-450B-B1BF-0AE2D4A50F2C}.Release|Any CPU.Build.0 = Release|Any CPU
	EndGlobalSection
	GlobalSection(SolutionProperties) = preSolution
		HideSolutionNode = FALSE
	EndGlobalSection
EndGlobal
